
Microsoft Visual Studio Solution File, Format Version 12.00
# Visual Studio 15
VisualStudioVersion = 15.0.27428.2005
MinimumVisualStudioVersion = 10.0.40219.1
Project("{FAE04EC0-301F-11D3-BF4B-00C04F79EFBC}") = "SCPSL-AntiCheat", "SCPSL-AntiCheat\SCPSL-AntiCheat.csproj", "{55979422-FA8C-4396-A2C5-DB944CFD7CE5}"
EndProject
Global
	GlobalSection(SolutionConfigurationPlatforms) = preSolution
		Debug|Any CPU = Debug|Any CPU
		Release|Any CPU = Release|Any CPU
	EndGlobalSection
	GlobalSection(ProjectConfigurationPlatforms) = postSolution
		{55979422-FA8C-4396-A2C5-DB944CFD7CE5}.Debug|Any CPU.ActiveCfg = Debug|Any CPU
		{55979422-FA8C-4396-A2C5-DB944CFD7CE5}.Debug|Any CPU.Build.0 = Debug|Any CPU
		{55979422-FA8C-4396-A2C5-DB944CFD7CE5}.Release|Any CPU.ActiveCfg = Release|Any CPU
		{55979422-FA8C-4396-A2C5-DB944CFD7CE5}.Release|Any CPU.Build.0 = Release|Any CPU
	EndGlobalSection
	GlobalSection(SolutionProperties) = preSolution
		HideSolutionNode = FALSE
	EndGlobalSection
	GlobalSection(ExtensibilityGlobals) = postSolution
		SolutionGuid = {177AEE9E-0050-485D-A163-8F25302BF6EE}
	EndGlobalSection
EndGlobal
